{
  "name": "public",
  "lockfileVersion": 2,
  "requires": true,
  "packages": {
    "": {
      "dependencies": {
        "html5-qrcode": "^2.3.7"
      }
    },
    "node_modules/html5-qrcode": {
      "version": "2.3.7",
      "resolved": "https://registry.npmjs.org/html5-qrcode/-/html5-qrcode-2.3.7.tgz",
      "integrity": "sha512-Jmlok9Ynm49hgVXkdupWryf8o430proIFoQsRl1LmTg4Rq461W72omylR9yw9tsEMtswMEw3wacUM5y0agOBQA=="
    }
  },
  "dependencies": {
    "html5-qrcode": {
      "version": "2.3.7",
      "resolved": "https://registry.npmjs.org/html5-qrcode/-/html5-qrcode-2.3.7.tgz",
      "integrity": "sha512-Jmlok9Ynm49hgVXkdupWryf8o430proIFoQsRl1LmTg4Rq461W72omylR9yw9tsEMtswMEw3wacUM5y0agOBQA=="
    }
  }
}
